
Microsoft Visual Studio Solution File, Format Version 12.00
# Visual Studio Version 17
VisualStudioVersion = 17.0.31903.59
MinimumVisualStudioVersion = 10.0.40219.1
Project("{FAE04EC0-301F-11D3-BF4B-00C04F79EFBC}") = "API", "API\API.csproj", "{97DD5CA0-7BCC-423F-9C54-340D1D123906}"
EndProject
Project("{FAE04EC0-301F-11D3-BF4B-00C04F79EFBC}") = "Application", "Application\Application.csproj", "{2C1C9050-6773-40EF-9BA5-DE98B21AA952}"
EndProject
Project("{FAE04EC0-301F-11D3-BF4B-00C04F79EFBC}") = "Domain", "Domain\Domain.csproj", "{0252A069-3EAA-4F9C-8541-0282E3D58A36}"
EndProject
Project("{FAE04EC0-301F-11D3-BF4B-00C04F79EFBC}") = "Persistence", "Persistence\Persistence.csproj", "{C701EE7A-B46B-4001-B8A4-A3E9BFAD378C}"
EndProject
Global
	GlobalSection(SolutionConfigurationPlatforms) = preSolution
		Debug|Any CPU = Debug|Any CPU
		Release|Any CPU = Release|Any CPU
	EndGlobalSection
	GlobalSection(SolutionProperties) = preSolution
		HideSolutionNode = FALSE
	EndGlobalSection
	GlobalSection(ProjectConfigurationPlatforms) = postSolution
		{97DD5CA0-7BCC-423F-9C54-340D1D123906}.Debug|Any CPU.ActiveCfg = Debug|Any CPU
		{97DD5CA0-7BCC-423F-9C54-340D1D123906}.Debug|Any CPU.Build.0 = Debug|Any CPU
		{97DD5CA0-7BCC-423F-9C54-340D1D123906}.Release|Any CPU.ActiveCfg = Release|Any CPU
		{97DD5CA0-7BCC-423F-9C54-340D1D123906}.Release|Any CPU.Build.0 = Release|Any CPU
		{2C1C9050-6773-40EF-9BA5-DE98B21AA952}.Debug|Any CPU.ActiveCfg = Debug|Any CPU
		{2C1C9050-6773-40EF-9BA5-DE98B21AA952}.Debug|Any CPU.Build.0 = Debug|Any CPU
		{2C1C9050-6773-40EF-9BA5-DE98B21AA952}.Release|Any CPU.ActiveCfg = Release|Any CPU
		{2C1C9050-6773-40EF-9BA5-DE98B21AA952}.Release|Any CPU.Build.0 = Release|Any CPU
		{0252A069-3EAA-4F9C-8541-0282E3D58A36}.Debug|Any CPU.ActiveCfg = Debug|Any CPU
		{0252A069-3EAA-4F9C-8541-0282E3D58A36}.Debug|Any CPU.Build.0 = Debug|Any CPU
		{0252A069-3EAA-4F9C-8541-0282E3D58A36}.Release|Any CPU.ActiveCfg = Release|Any CPU
		{0252A069-3EAA-4F9C-8541-0282E3D58A36}.Release|Any CPU.Build.0 = Release|Any CPU
		{C701EE7A-B46B-4001-B8A4-A3E9BFAD378C}.Debug|Any CPU.ActiveCfg = Debug|Any CPU
		{C701EE7A-B46B-4001-B8A4-A3E9BFAD378C}.Debug|Any CPU.Build.0 = Debug|Any CPU
		{C701EE7A-B46B-4001-B8A4-A3E9BFAD378C}.Release|Any CPU.ActiveCfg = Release|Any CPU
		{C701EE7A-B46B-4001-B8A4-A3E9BFAD378C}.Release|Any CPU.Build.0 = Release|Any CPU
	EndGlobalSection
EndGlobal
